// !$*UTF8*$!
{
	archiveVersion = 1;
	classes = {
	};
	objectVersion = 50;
	objects = {

/* Begin PBXBuildFile section */
		A2957A44268EF2C7005DF8C3 /* NotesLogic.swift in Sources */ = {isa = PBXBuildFile; fileRef = A2957A43268EF2C7005DF8C3 /* NotesLogic.swift */; };
		A2957A46268EF638005DF8C3 /* NotesView.swift in Sources */ = {isa = PBXBuildFile; fileRef = A2957A45268EF638005DF8C3 /* NotesView.swift */; };
		A2957A48268EF739005DF8C3 /* SettingsView.swift in Sources */ = {isa = PBXBuildFile; fileRef = A2957A47268EF739005DF8C3 /* SettingsView.swift */; };
		A2B36597268C4BBF00284561 /* KiwiApp.swift in Sources */ = {isa = PBXBuildFile; fileRef = A2B36596268C4BBF00284561 /* KiwiApp.swift */; };
		A2B36599268C4BBF00284561 /* ContentView.swift in Sources */ = {isa = PBXBuildFile; fileRef = A2B36598268C4BBF00284561 /* ContentView.swift */; };
		A2B3659B268C4BC100284561 /* Assets.xcassets in Resources */ = {isa = PBXBuildFile; fileRef = A2B3659A268C4BC100284561 /* Assets.xcassets */; };
		A2B3659E268C4BC100284561 /* Preview Assets.xcassets in Resources */ = {isa = PBXBuildFile; fileRef = A2B3659D268C4BC100284561 /* Preview Assets.xcassets */; };
		A2B365A0268C4BC100284561 /* Persistence.swift in Sources */ = {isa = PBXBuildFile; fileRef = A2B3659F268C4BC100284561 /* Persistence.swift */; };
		A2B365A3268C4BC100284561 /* Kiwi.xcdatamodeld in Sources */ = {isa = PBXBuildFile; fileRef = A2B365A1268C4BC100284561 /* Kiwi.xcdatamodeld */; };
/* End PBXBuildFile section */

/* Begin PBXFileReference section */
		A2957A43268EF2C7005DF8C3 /* NotesLogic.swift */ = {isa = PBXFileReference; lastKnownFileType = sourcecode.swift; path = NotesLogic.swift; sourceTree = "<group>"; };
		A2957A45268EF638005DF8C3 /* NotesView.swift */ = {isa = PBXFileReference; lastKnownFileType = sourcecode.swift; path = NotesView.swift; sourceTree = "<group>"; };
		A2957A47268EF739005DF8C3 /* SettingsView.swift */ = {isa = PBXFileReference; lastKnownFileType = sourcecode.swift; path = SettingsView.swift; sourceTree = "<group>"; };
		A2B36593268C4BBF00284561 /* Kiwi.app */ = {isa = PBXFileReference; explicitFileType = wrapper.application; includeInIndex = 0; path = Kiwi.app; sourceTree = BUILT_PRODUCTS_DIR; };
		A2B36596268C4BBF00284561 /* KiwiApp.swift */ = {isa = PBXFileReference; lastKnownFileType = sourcecode.swift; path = KiwiApp.swift; sourceTree = "<group>"; };
		A2B36598268C4BBF00284561 /* ContentView.swift */ = {isa = PBXFileReference; lastKnownFileType = sourcecode.swift; path = ContentView.swift; sourceTree = "<group>"; };
		A2B3659A268C4BC100284561 /* Assets.xcassets */ = {isa = PBXFileReference; lastKnownFileType = folder.assetcatalog; path = Assets.xcassets; sourceTree = "<group>"; };
		A2B3659D268C4BC100284561 /* Preview Assets.xcassets */ = {isa = PBXFileReference; lastKnownFileType = folder.assetcatalog; path = "Preview Assets.xcassets"; sourceTree = "<group>"; };
		A2B3659F268C4BC100284561 /* Persistence.swift */ = {isa = PBXFileReference; lastKnownFileType = sourcecode.swift; path = Persistence.swift; sourceTree = "<group>"; };
		A2B365A2268C4BC100284561 /* Kiwi.xcdatamodel */ = {isa = PBXFileReference; lastKnownFileType = wrapper.xcdatamodel; path = Kiwi.xcdatamodel; sourceTree = "<group>"; };
		A2B365A4268C4BC100284561 /* Info.plist */ = {isa = PBXFileReference; lastKnownFileType = text.plist.xml; path = Info.plist; sourceTree = "<group>"; };
/* End PBXFileReference section */

/* Begin PBXFrameworksBuildPhase section */
		A2B36590268C4BBF00284561 /* Frameworks */ = {
			isa = PBXFrameworksBuildPhase;
			buildActionMask = 2147483647;
			files = (
			);
			runOnlyForDeploymentPostprocessing = 0;
		};
/* End PBXFrameworksBuildPhase section */

/* Begin PBXGroup section */
		A2B3658A268C4BBF00284561 = {
			isa = PBXGroup;
			children = (
				A2B36595268C4BBF00284561 /* Kiwi */,
				A2B36594268C4BBF00284561 /* Products */,
			);
			sourceTree = "<group>";
		};
		A2B36594268C4BBF00284561 /* Products */ = {
			isa = PBXGroup;
			children = (
				A2B36593268C4BBF00284561 /* Kiwi.app */,
			);
			name = Products;
			sourceTree = "<group>";
		};
		A2B36595268C4BBF00284561 /* Kiwi */ = {
			isa = PBXGroup;
			children = (
				A2B36596268C4BBF00284561 /* KiwiApp.swift */,
				A2B36598268C4BBF00284561 /* ContentView.swift */,
				A2957A47268EF739005DF8C3 /* SettingsView.swift */,
				A2957A45268EF638005DF8C3 /* NotesView.swift */,
				A2957A43268EF2C7005DF8C3 /* NotesLogic.swift */,
				A2B3659A268C4BC100284561 /* Assets.xcassets */,
				A2B3659F268C4BC100284561 /* Persistence.swift */,
				A2B365A4268C4BC100284561 /* Info.plist */,
				A2B365A1268C4BC100284561 /* Kiwi.xcdatamodeld */,
				A2B3659C268C4BC100284561 /* Preview Content */,
			);
			path = Kiwi;
			sourceTree = "<group>";
		};
		A2B3659C268C4BC100284561 /* Preview Content */ = {
			isa = PBXGroup;
			children = (
				A2B3659D268C4BC100284561 /* Preview Assets.xcassets */,
			);
			path = "Preview Content";
			sourceTree = "<group>";
		};
/* End PBXGroup section */

/* Begin PBXNativeTarget section */
		A2B36592268C4BBF00284561 /* Kiwi */ = {
			isa = PBXNativeTarget;
			buildConfigurationList = A2B365A7268C4BC100284561 /* Build configuration list for PBXNativeTarget "Kiwi" */;
			buildPhases = (
				A2B3658F268C4BBF00284561 /* Sources */,
				A2B36590268C4BBF00284561 /* Frameworks */,
				A2B36591268C4BBF00284561 /* Resources */,
			);
			buildRules = (
			);
			dependencies = (
			);
			name = Kiwi;
			productName = Kiwi;
			productReference = A2B36593268C4BBF00284561 /* Kiwi.app */;
			productType = "com.apple.product-type.application";
		};
/* End PBXNativeTarget section */

/* Begin PBXProject section */
		A2B3658B268C4BBF00284561 /* Project object */ = {
			isa = PBXProject;
			attributes = {
				LastSwiftUpdateCheck = 1250;
				LastUpgradeCheck = 1250;
				TargetAttributes = {
					A2B36592268C4BBF00284561 = {
						CreatedOnToolsVersion = 12.5;
					};
				};
			};
			buildConfigurationList = A2B3658E268C4BBF00284561 /* Build configuration list for PBXProject "Kiwi" */;
			compatibilityVersion = "Xcode 9.3";
			developmentRegion = en;
			hasScannedForEncodings = 0;
			knownRegions = (
				en,
				Base,
			);
			mainGroup = A2B3658A268C4BBF00284561;
			productRefGroup = A2B36594268C4BBF00284561 /* Products */;
			projectDirPath = "";
			projectRoot = "";
			targets = (
				A2B36592268C4BBF00284561 /* Kiwi */,
			);
		};
/* End PBXProject section */

/* Begin PBXResourcesBuildPhase section */
		A2B36591268C4BBF00284561 /* Resources */ = {
			isa = PBXResourcesBuildPhase;
			buildActionMask = 2147483647;
			files = (
				A2B3659E268C4BC100284561 /* Preview Assets.xcassets in Resources */,
				A2B3659B268C4BC100284561 /* Assets.xcassets in Resources */,
			);
			runOnlyForDeploymentPostprocessing = 0;
		};
/* End PBXResourcesBuildPhase section */

/* Begin PBXSourcesBuildPhase section */
		A2B3658F268C4BBF00284561 /* Sources */ = {
			isa = PBXSourcesBuildPhase;
			buildActionMask = 2147483647;
			files = (
				A2957A48268EF739005DF8C3 /* SettingsView.swift in Sources */,
				A2B365A0268C4BC100284561 /* Persistence.swift in Sources */,
				A2B365A3268C4BC100284561 /* Kiwi.xcdatamodeld in Sources */,
				A2957A46268EF638005DF8C3 /* NotesView.swift in Sources */,
				A2B36599268C4BBF00284561 /* ContentView.swift in Sources */,
				A2957A44268EF2C7005DF8C3 /* NotesLogic.swift in Sources */,
				A2B36597268C4BBF00284561 /* KiwiApp.swift in Sources */,
			);
			runOnlyForDeploymentPostprocessing = 0;
		};
/* End PBXSourcesBuildPhase section */

/* Begin XCBuildConfiguration section */
		A2B365A5268C4BC100284561 /* Debug */ = {
			isa = XCBuildConfiguration;
			buildSettings = {
				ALWAYS_SEARCH_USER_PATHS = NO;
				CLANG_ANALYZER_NONNULL = YES;
				CLANG_ANALYZER_NUMBER_OBJECT_CONVERSION = YES_AGGRESSIVE;
				CLANG_CXX_LANGUAGE_STANDARD = "gnu++14";
				CLANG_CXX_LIBRARY = "libc++";
				CLANG_ENABLE_MODULES = YES;
				CLANG_ENABLE_OBJC_ARC = YES;
				CLANG_ENABLE_OBJC_WEAK = YES;
				CLANG_WARN_BLOCK_CAPTURE_AUTORELEASING = YES;
				CLANG_WARN_BOOL_CONVERSION = YES;
				CLANG_WARN_COMMA = YES;
				CLANG_WARN_CONSTANT_CONVERSION = YES;
				CLANG_WARN_DEPRECATED_OBJC_IMPLEMENTATIONS = YES;
				CLANG_WARN_DIRECT_OBJC_ISA_USAGE = YES_ERROR;
				CLANG_WARN_DOCUMENTATION_COMMENTS = YES;
				CLANG_WARN_EMPTY_BODY = YES;
				CLANG_WARN_ENUM_CONVERSION = YES;
				CLANG_WARN_INFINITE_RECURSION = YES;
				CLANG_WARN_INT_CONVERSION = YES;
				CLANG_WARN_NON_LITERAL_NULL_CONVERSION = YES;
				CLANG_WARN_OBJC_IMPLICIT_RETAIN_SELF = YES;
				CLANG_WARN_OBJC_LITERAL_CONVERSION = YES;
				CLANG_WARN_OBJC_ROOT_CLASS = YES_ERROR;
				CLANG_WARN_QUOTED_INCLUDE_IN_FRAMEWORK_HEADER = YES;
				CLANG_WARN_RANGE_LOOP_ANALYSIS = YES;
				CLANG_WARN_STRICT_PROTOTYPES = YES;
				CLANG_WARN_SUSPICIOUS_MOVE = YES;
				CLANG_WARN_UNGUARDED_AVAILABILITY = YES_AGGRESSIVE;
				CLANG_WARN_UNREACHABLE_CODE = YES;
				CLANG_WARN__DUPLICATE_METHOD_MATCH = YES;
				COPY_PHASE_STRIP = NO;
				DEBUG_INFORMATION_FORMAT = dwarf;
				ENABLE_STRICT_OBJC_MSGSEND = YES;
				ENABLE_TESTABILITY = YES;
				GCC_C_LANGUAGE_STANDARD = gnu11;
				GCC_DYNAMIC_NO_PIC = NO;
				GCC_NO_COMMON_BLOCKS = YES;
				GCC_OPTIMIZATION_LEVEL = 0;
				GCC_PREPROCESSOR_DEFINITIONS = (
					"DEBUG=1",
					"$(inherited)",
				);
				GCC_WARN_64_TO_32_BIT_CONVERSION = YES;
				GCC_WARN_ABOUT_RETURN_TYPE = YES_ERROR;
				GCC_WARN_UNDECLARED_SELECTOR = YES;
				GCC_WARN_UNINITIALIZED_AUTOS = YES_AGGRESSIVE;
				GCC_WARN_UNUSED_FUNCTION = YES;
				GCC_WARN_UNUSED_VARIABLE = YES;
				IPHONEOS_DEPLOYMENT_TARGET = 14.5;
				MTL_ENABLE_DEBUG_INFO = INCLUDE_SOURCE;
				MTL_FAST_MATH = YES;
				ONLY_ACTIVE_ARCH = YES;
				SDKROOT = iphoneos;
				SWIFT_ACTIVE_COMPILATION_CONDITIONS = DEBUG;
				SWIFT_OPTIMIZATION_LEVEL = "-Onone";
			};
			name = Debug;
		};
		A2B365A6268C4BC100284561 /* Release */ = {
			isa = XCBuildConfiguration;
			buildSettings = {
				ALWAYS_SEARCH_USER_PATHS = NO;
				CLANG_ANALYZER_NONNULL = YES;
				CLANG_ANALYZER_NUMBER_OBJECT_CONVERSION = YES_AGGRESSIVE;
				CLANG_CXX_LANGUAGE_STANDARD = "gnu++14";
				CLANG_CXX_LIBRARY = "libc++";
				CLANG_ENABLE_MODULES = YES;
				CLANG_ENABLE_OBJC_ARC = YES;
				CLANG_ENABLE_OBJC_WEAK = YES;
				CLANG_WARN_BLOCK_CAPTURE_AUTORELEASING = YES;
				CLANG_WARN_BOOL_CONVERSION = YES;
				CLANG_WARN_COMMA = YES;
				CLANG_WARN_CONSTANT_CONVERSION = YES;
				CLANG_WARN_DEPRECATED_OBJC_IMPLEMENTATIONS = YES;
				CLANG_WARN_DIRECT_OBJC_ISA_USAGE = YES_ERROR;
				CLANG_WARN_DOCUMENTATION_COMMENTS = YES;
				CLANG_WARN_EMPTY_BODY = YES;
				CLANG_WARN_ENUM_CONVERSION = YES;
				CLANG_WARN_INFINITE_RECURSION = YES;
				CLANG_WARN_INT_CONVERSION = YES;
				CLANG_WARN_NON_LITERAL_NULL_CONVERSION = YES;
				CLANG_WARN_OBJC_IMPLICIT_RETAIN_SELF = YES;
				CLANG_WARN_OBJC_LITERAL_CONVERSION = YES;
				CLANG_WARN_OBJC_ROOT_CLASS = YES_ERROR;
				CLANG_WARN_QUOTED_INCLUDE_IN_FRAMEWORK_HEADER = YES;
				CLANG_WARN_RANGE_LOOP_ANALYSIS = YES;
				CLANG_WARN_STRICT_PROTOTYPES = YES;
				CLANG_WARN_SUSPICIOUS_MOVE = YES;
				CLANG_WARN_UNGUARDED_AVAILABILITY = YES_AGGRESSIVE;
				CLANG_WARN_UNREACHABLE_CODE = YES;
				CLANG_WARN__DUPLICATE_METHOD_MATCH = YES;
				COPY_PHASE_STRIP = NO;
				DEBUG_INFORMATION_FORMAT = "dwarf-with-dsym";
				ENABLE_NS_ASSERTIONS = NO;
				ENABLE_STRICT_OBJC_MSGSEND = YES;
				GCC_C_LANGUAGE_STANDARD = gnu11;
				GCC_NO_COMMON_BLOCKS = YES;
				GCC_WARN_64_TO_32_BIT_CONVERSION = YES;
				GCC_WARN_ABOUT_RETURN_TYPE = YES_ERROR;
				GCC_WARN_UNDECLARED_SELECTOR = YES;
				GCC_WARN_UNINITIALIZED_AUTOS = YES_AGGRESSIVE;
				GCC_WARN_UNUSED_FUNCTION = YES;
				GCC_WARN_UNUSED_VARIABLE = YES;
				IPHONEOS_DEPLOYMENT_TARGET = 14.5;
				MTL_ENABLE_DEBUG_INFO = NO;
				MTL_FAST_MATH = YES;
				SDKROOT = iphoneos;
				SWIFT_COMPILATION_MODE = wholemodule;
				SWIFT_OPTIMIZATION_LEVEL = "-O";
				VALIDATE_PRODUCT = YES;
			};
			name = Release;
		};
		A2B365A8268C4BC100284561 /* Debug */ = {
			isa = XCBuildConfiguration;
			buildSettings = {
				ASSETCATALOG_COMPILER_APPICON_NAME = AppIcon;
				ASSETCATALOG_COMPILER_GLOBAL_ACCENT_COLOR_NAME = AccentColor;
				CODE_SIGN_STYLE = Automatic;
				DEVELOPMENT_ASSET_PATHS = "\"Kiwi/Preview Content\"";
				DEVELOPMENT_TEAM = V6DK8MURYX;
				ENABLE_PREVIEWS = YES;
				INFOPLIST_FILE = Kiwi/Info.plist;
				IPHONEOS_DEPLOYMENT_TARGET = 14.0;
				LD_RUNPATH_SEARCH_PATHS = (
					"$(inherited)",
					"@executable_path/Frameworks",
				);
				PRODUCT_BUNDLE_IDENTIFIER = charelfelten.Kiwi;
				PRODUCT_NAME = "$(TARGET_NAME)";
				SWIFT_VERSION = 5.0;
				TARGETED_DEVICE_FAMILY = "1,2";
			};
			name = Debug;
		};
		A2B365A9268C4BC100284561 /* Release */ = {
			isa = XCBuildConfiguration;
			buildSettings = {
				ASSETCATALOG_COMPILER_APPICON_NAME = AppIcon;
				ASSETCATALOG_COMPILER_GLOBAL_ACCENT_COLOR_NAME = AccentColor;
				CODE_SIGN_STYLE = Automatic;
				DEVELOPMENT_ASSET_PATHS = "\"Kiwi/Preview Content\"";
				DEVELOPMENT_TEAM = V6DK8MURYX;
				ENABLE_PREVIEWS = YES;
				INFOPLIST_FILE = Kiwi/Info.plist;
				IPHONEOS_DEPLOYMENT_TARGET = 14.0;
				LD_RUNPATH_SEARCH_PATHS = (
					"$(inherited)",
					"@executable_path/Frameworks",
				);
				PRODUCT_BUNDLE_IDENTIFIER = charelfelten.Kiwi;
				PRODUCT_NAME = "$(TARGET_NAME)";
				SWIFT_VERSION = 5.0;
				TARGETED_DEVICE_FAMILY = "1,2";
			};
			name = Release;
		};
/* End XCBuildConfiguration section */

/* Begin XCConfigurationList section */
		A2B3658E268C4BBF00284561 /* Build configuration list for PBXProject "Kiwi" */ = {
			isa = XCConfigurationList;
			buildConfigurations = (
				A2B365A5268C4BC100284561 /* Debug */,
				A2B365A6268C4BC100284561 /* Release */,
			);
			defaultConfigurationIsVisible = 0;
			defaultConfigurationName = Release;
		};
		A2B365A7268C4BC100284561 /* Build configuration list for PBXNativeTarget "Kiwi" */ = {
			isa = XCConfigurationList;
			buildConfigurations = (
				A2B365A8268C4BC100284561 /* Debug */,
				A2B365A9268C4BC100284561 /* Release */,
			);
			defaultConfigurationIsVisible = 0;
			defaultConfigurationName = Release;
		};
/* End XCConfigurationList section */

/* Begin XCVersionGroup section */
		A2B365A1268C4BC100284561 /* Kiwi.xcdatamodeld */ = {
			isa = XCVersionGroup;
			children = (
				A2B365A2268C4BC100284561 /* Kiwi.xcdatamodel */,
			);
			currentVersion = A2B365A2268C4BC100284561 /* Kiwi.xcdatamodel */;
			path = Kiwi.xcdatamodeld;
			sourceTree = "<group>";
			versionGroupType = wrapper.xcdatamodel;
		};
/* End XCVersionGroup section */
	};
	rootObject = A2B3658B268C4BBF00284561 /* Project object */;
}
