// !$*UTF8*$!
{
	archiveVersion = 1;
	classes = {
	};
	objectVersion = 50;
	objects = {

/* Begin PBXBuildFile section */
		A2957A44268EF2C7005DF8C3 /* Note.swift in Sources */ = {isa = PBXBuildFile; fileRef = A2957A43268EF2C7005DF8C3 /* Note.swift */; };
		A2957A46268EF638005DF8C3 /* NotesView.swift in Sources */ = {isa = PBXBuildFile; fileRef = A2957A45268EF638005DF8C3 /* NotesView.swift */; };
		A2957A48268EF739005DF8C3 /* SettingsView.swift in Sources */ = {isa = PBXBuildFile; fileRef = A2957A47268EF739005DF8C3 /* SettingsView.swift */; };
		A2957A4A2692ECB9005DF8C3 /* Config.swift in Sources */ = {isa = PBXBuildFile; fileRef = A2957A492692ECB9005DF8C3 /* Config.swift */; };
		A2957A522693A52F005DF8C3 /* WidgetKit.framework in Frameworks */ = {isa = PBXBuildFile; fileRef = A2957A512693A52F005DF8C3 /* WidgetKit.framework */; };
		A2957A542693A52F005DF8C3 /* SwiftUI.framework in Frameworks */ = {isa = PBXBuildFile; fileRef = A2957A532693A52F005DF8C3 /* SwiftUI.framework */; };
		A2957A572693A52F005DF8C3 /* RemindMeWidget.swift in Sources */ = {isa = PBXBuildFile; fileRef = A2957A562693A52F005DF8C3 /* RemindMeWidget.swift */; };
		A2957A5A2693A532005DF8C3 /* Assets.xcassets in Resources */ = {isa = PBXBuildFile; fileRef = A2957A592693A532005DF8C3 /* Assets.xcassets */; };
		A2957A5C2693A533005DF8C3 /* RemindMeWidget.intentdefinition in Sources */ = {isa = PBXBuildFile; fileRef = A2957A582693A52F005DF8C3 /* RemindMeWidget.intentdefinition */; };
		A2957A5D2693A533005DF8C3 /* RemindMeWidget.intentdefinition in Sources */ = {isa = PBXBuildFile; fileRef = A2957A582693A52F005DF8C3 /* RemindMeWidget.intentdefinition */; };
		A2957A602693A533005DF8C3 /* RemindMeWidgetExtension.appex in Embed App Extensions */ = {isa = PBXBuildFile; fileRef = A2957A4F2693A52F005DF8C3 /* RemindMeWidgetExtension.appex */; settings = {ATTRIBUTES = (RemoveHeadersOnCopy, ); }; };
		A2957A66269436DF005DF8C3 /* WidgetView.swift in Sources */ = {isa = PBXBuildFile; fileRef = A2957A65269436DF005DF8C3 /* WidgetView.swift */; };
		A2957A6726943F5C005DF8C3 /* Note.swift in Sources */ = {isa = PBXBuildFile; fileRef = A2957A43268EF2C7005DF8C3 /* Note.swift */; };
		A2957A6926943FD9005DF8C3 /* WidgetView.swift in Sources */ = {isa = PBXBuildFile; fileRef = A2957A65269436DF005DF8C3 /* WidgetView.swift */; };
		A2957A6A26943FEB005DF8C3 /* Assets.xcassets in Resources */ = {isa = PBXBuildFile; fileRef = A2B3659A268C4BC100284561 /* Assets.xcassets */; };
		A2957A6B26943FF1005DF8C3 /* RemindMe.xcdatamodeld in Sources */ = {isa = PBXBuildFile; fileRef = A2B365A1268C4BC100284561 /* RemindMe.xcdatamodeld */; };
		A2957A6E26944014005DF8C3 /* SettingsView.swift in Sources */ = {isa = PBXBuildFile; fileRef = A2957A47268EF739005DF8C3 /* SettingsView.swift */; };
		A2957A6F2694401A005DF8C3 /* Persistence.swift in Sources */ = {isa = PBXBuildFile; fileRef = A2B3659F268C4BC100284561 /* Persistence.swift */; };
		A2957A702694401E005DF8C3 /* Config.swift in Sources */ = {isa = PBXBuildFile; fileRef = A2957A492692ECB9005DF8C3 /* Config.swift */; };
		A2A15B1D270CA2DA002FB8D3 /* Colors.swift in Sources */ = {isa = PBXBuildFile; fileRef = A2A15B1C270CA2DA002FB8D3 /* Colors.swift */; };
		A2A15B1E270CA436002FB8D3 /* Colors.swift in Sources */ = {isa = PBXBuildFile; fileRef = A2A15B1C270CA2DA002FB8D3 /* Colors.swift */; };
		A2B36597268C4BBF00284561 /* RemindMeApp.swift in Sources */ = {isa = PBXBuildFile; fileRef = A2B36596268C4BBF00284561 /* RemindMeApp.swift */; };
		A2B36599268C4BBF00284561 /* ContentView.swift in Sources */ = {isa = PBXBuildFile; fileRef = A2B36598268C4BBF00284561 /* ContentView.swift */; };
		A2B3659B268C4BC100284561 /* Assets.xcassets in Resources */ = {isa = PBXBuildFile; fileRef = A2B3659A268C4BC100284561 /* Assets.xcassets */; };
		A2B3659E268C4BC100284561 /* Preview Assets.xcassets in Resources */ = {isa = PBXBuildFile; fileRef = A2B3659D268C4BC100284561 /* Preview Assets.xcassets */; };
		A2B365A0268C4BC100284561 /* Persistence.swift in Sources */ = {isa = PBXBuildFile; fileRef = A2B3659F268C4BC100284561 /* Persistence.swift */; };
		A2B365A3268C4BC100284561 /* RemindMe.xcdatamodeld in Sources */ = {isa = PBXBuildFile; fileRef = A2B365A1268C4BC100284561 /* RemindMe.xcdatamodeld */; };
		A2C87107274A8F1B000027A5 /* NoteView.swift in Sources */ = {isa = PBXBuildFile; fileRef = A2C87106274A8F1B000027A5 /* NoteView.swift */; };
/* End PBXBuildFile section */

/* Begin PBXContainerItemProxy section */
		A2957A5E2693A533005DF8C3 /* PBXContainerItemProxy */ = {
			isa = PBXContainerItemProxy;
			containerPortal = A2B3658B268C4BBF00284561 /* Project object */;
			proxyType = 1;
			remoteGlobalIDString = A2957A4E2693A52F005DF8C3;
			remoteInfo = KiwiWidgetExtension;
		};
/* End PBXContainerItemProxy section */

/* Begin PBXCopyFilesBuildPhase section */
		A2957A642693A533005DF8C3 /* Embed App Extensions */ = {
			isa = PBXCopyFilesBuildPhase;
			buildActionMask = 2147483647;
			dstPath = "";
			dstSubfolderSpec = 13;
			files = (
				A2957A602693A533005DF8C3 /* RemindMeWidgetExtension.appex in Embed App Extensions */,
			);
			name = "Embed App Extensions";
			runOnlyForDeploymentPostprocessing = 0;
		};
/* End PBXCopyFilesBuildPhase section */

/* Begin PBXFileReference section */
		A2957A43268EF2C7005DF8C3 /* Note.swift */ = {isa = PBXFileReference; lastKnownFileType = sourcecode.swift; path = Note.swift; sourceTree = "<group>"; };
		A2957A45268EF638005DF8C3 /* NotesView.swift */ = {isa = PBXFileReference; lastKnownFileType = sourcecode.swift; path = NotesView.swift; sourceTree = "<group>"; };
		A2957A47268EF739005DF8C3 /* SettingsView.swift */ = {isa = PBXFileReference; lastKnownFileType = sourcecode.swift; path = SettingsView.swift; sourceTree = "<group>"; };
		A2957A492692ECB9005DF8C3 /* Config.swift */ = {isa = PBXFileReference; lastKnownFileType = sourcecode.swift; path = Config.swift; sourceTree = "<group>"; };
		A2957A4F2693A52F005DF8C3 /* RemindMeWidgetExtension.appex */ = {isa = PBXFileReference; explicitFileType = "wrapper.app-extension"; includeInIndex = 0; path = RemindMeWidgetExtension.appex; sourceTree = BUILT_PRODUCTS_DIR; };
		A2957A512693A52F005DF8C3 /* WidgetKit.framework */ = {isa = PBXFileReference; lastKnownFileType = wrapper.framework; name = WidgetKit.framework; path = System/Library/Frameworks/WidgetKit.framework; sourceTree = SDKROOT; };
		A2957A532693A52F005DF8C3 /* SwiftUI.framework */ = {isa = PBXFileReference; lastKnownFileType = wrapper.framework; name = SwiftUI.framework; path = System/Library/Frameworks/SwiftUI.framework; sourceTree = SDKROOT; };
		A2957A562693A52F005DF8C3 /* RemindMeWidget.swift */ = {isa = PBXFileReference; lastKnownFileType = sourcecode.swift; path = RemindMeWidget.swift; sourceTree = "<group>"; };
		A2957A582693A52F005DF8C3 /* RemindMeWidget.intentdefinition */ = {isa = PBXFileReference; lastKnownFileType = file.intentdefinition; path = RemindMeWidget.intentdefinition; sourceTree = "<group>"; };
		A2957A592693A532005DF8C3 /* Assets.xcassets */ = {isa = PBXFileReference; lastKnownFileType = folder.assetcatalog; path = Assets.xcassets; sourceTree = "<group>"; };
		A2957A5B2693A533005DF8C3 /* Info.plist */ = {isa = PBXFileReference; lastKnownFileType = text.plist.xml; path = Info.plist; sourceTree = "<group>"; };
		A2957A65269436DF005DF8C3 /* WidgetView.swift */ = {isa = PBXFileReference; lastKnownFileType = sourcecode.swift; path = WidgetView.swift; sourceTree = "<group>"; };
		A2957A722694E6CB005DF8C3 /* RemindMe.entitlements */ = {isa = PBXFileReference; fileEncoding = 4; lastKnownFileType = text.plist.entitlements; name = RemindMe.entitlements; path = RemindMe/RemindMe.entitlements; sourceTree = SOURCE_ROOT; };
		A2957A732694EC1F005DF8C3 /* RemindMeWidgetExtension.entitlements */ = {isa = PBXFileReference; lastKnownFileType = text.plist.entitlements; path = RemindMeWidgetExtension.entitlements; sourceTree = "<group>"; };
		A2A15B1C270CA2DA002FB8D3 /* Colors.swift */ = {isa = PBXFileReference; lastKnownFileType = sourcecode.swift; path = Colors.swift; sourceTree = "<group>"; };
		A2B36593268C4BBF00284561 /* RemindMe.app */ = {isa = PBXFileReference; explicitFileType = wrapper.application; includeInIndex = 0; path = RemindMe.app; sourceTree = BUILT_PRODUCTS_DIR; };
		A2B36596268C4BBF00284561 /* RemindMeApp.swift */ = {isa = PBXFileReference; lastKnownFileType = sourcecode.swift; path = RemindMeApp.swift; sourceTree = "<group>"; };
		A2B36598268C4BBF00284561 /* ContentView.swift */ = {isa = PBXFileReference; lastKnownFileType = sourcecode.swift; path = ContentView.swift; sourceTree = "<group>"; };
		A2B3659A268C4BC100284561 /* Assets.xcassets */ = {isa = PBXFileReference; lastKnownFileType = folder.assetcatalog; path = Assets.xcassets; sourceTree = "<group>"; };
		A2B3659D268C4BC100284561 /* Preview Assets.xcassets */ = {isa = PBXFileReference; lastKnownFileType = folder.assetcatalog; path = "Preview Assets.xcassets"; sourceTree = "<group>"; };
		A2B3659F268C4BC100284561 /* Persistence.swift */ = {isa = PBXFileReference; lastKnownFileType = sourcecode.swift; path = Persistence.swift; sourceTree = "<group>"; };
		A2B365A2268C4BC100284561 /* Kiwi.xcdatamodel */ = {isa = PBXFileReference; lastKnownFileType = wrapper.xcdatamodel; path = Kiwi.xcdatamodel; sourceTree = "<group>"; };
		A2B365A4268C4BC100284561 /* Info.plist */ = {isa = PBXFileReference; lastKnownFileType = text.plist.xml; path = Info.plist; sourceTree = "<group>"; };
		A2C87106274A8F1B000027A5 /* NoteView.swift */ = {isa = PBXFileReference; lastKnownFileType = sourcecode.swift; path = NoteView.swift; sourceTree = "<group>"; };
/* End PBXFileReference section */

/* Begin PBXFrameworksBuildPhase section */
		A2957A4C2693A52F005DF8C3 /* Frameworks */ = {
			isa = PBXFrameworksBuildPhase;
			buildActionMask = 2147483647;
			files = (
				A2957A542693A52F005DF8C3 /* SwiftUI.framework in Frameworks */,
				A2957A522693A52F005DF8C3 /* WidgetKit.framework in Frameworks */,
			);
			runOnlyForDeploymentPostprocessing = 0;
		};
		A2B36590268C4BBF00284561 /* Frameworks */ = {
			isa = PBXFrameworksBuildPhase;
			buildActionMask = 2147483647;
			files = (
			);
			runOnlyForDeploymentPostprocessing = 0;
		};
/* End PBXFrameworksBuildPhase section */

/* Begin PBXGroup section */
		A2957A502693A52F005DF8C3 /* Frameworks */ = {
			isa = PBXGroup;
			children = (
				A2957A512693A52F005DF8C3 /* WidgetKit.framework */,
				A2957A532693A52F005DF8C3 /* SwiftUI.framework */,
			);
			name = Frameworks;
			sourceTree = "<group>";
		};
		A2957A552693A52F005DF8C3 /* RemindMeWidget */ = {
			isa = PBXGroup;
			children = (
				A2957A65269436DF005DF8C3 /* WidgetView.swift */,
				A2957A562693A52F005DF8C3 /* RemindMeWidget.swift */,
				A2957A582693A52F005DF8C3 /* RemindMeWidget.intentdefinition */,
				A2957A592693A532005DF8C3 /* Assets.xcassets */,
				A2957A5B2693A533005DF8C3 /* Info.plist */,
			);
			path = RemindMeWidget;
			sourceTree = "<group>";
		};
		A2B3658A268C4BBF00284561 = {
			isa = PBXGroup;
			children = (
				A2957A732694EC1F005DF8C3 /* RemindMeWidgetExtension.entitlements */,
				A2B36595268C4BBF00284561 /* RemindMe */,
				A2957A552693A52F005DF8C3 /* RemindMeWidget */,
				A2957A502693A52F005DF8C3 /* Frameworks */,
				A2B36594268C4BBF00284561 /* Products */,
			);
			sourceTree = "<group>";
		};
		A2B36594268C4BBF00284561 /* Products */ = {
			isa = PBXGroup;
			children = (
				A2B36593268C4BBF00284561 /* RemindMe.app */,
				A2957A4F2693A52F005DF8C3 /* RemindMeWidgetExtension.appex */,
			);
			name = Products;
			sourceTree = "<group>";
		};
		A2B36595268C4BBF00284561 /* RemindMe */ = {
			isa = PBXGroup;
			children = (
				A2B36596268C4BBF00284561 /* RemindMeApp.swift */,
				A2B36598268C4BBF00284561 /* ContentView.swift */,
				A2957A47268EF739005DF8C3 /* SettingsView.swift */,
				A2957A45268EF638005DF8C3 /* NotesView.swift */,
				A2C87106274A8F1B000027A5 /* NoteView.swift */,
				A2957A43268EF2C7005DF8C3 /* Note.swift */,
				A2A15B1C270CA2DA002FB8D3 /* Colors.swift */,
				A2B3659F268C4BC100284561 /* Persistence.swift */,
				A2957A492692ECB9005DF8C3 /* Config.swift */,
				A2B365A4268C4BC100284561 /* Info.plist */,
				A2B365A1268C4BC100284561 /* RemindMe.xcdatamodeld */,
				A2957A722694E6CB005DF8C3 /* RemindMe.entitlements */,
				A2B3659A268C4BC100284561 /* Assets.xcassets */,
				A2B3659C268C4BC100284561 /* Preview Content */,
			);
			path = RemindMe;
			sourceTree = "<group>";
		};
		A2B3659C268C4BC100284561 /* Preview Content */ = {
			isa = PBXGroup;
			children = (
				A2B3659D268C4BC100284561 /* Preview Assets.xcassets */,
			);
			path = "Preview Content";
			sourceTree = "<group>";
		};
/* End PBXGroup section */

/* Begin PBXNativeTarget section */
		A2957A4E2693A52F005DF8C3 /* RemindMeWidgetExtension */ = {
			isa = PBXNativeTarget;
			buildConfigurationList = A2957A612693A533005DF8C3 /* Build configuration list for PBXNativeTarget "RemindMeWidgetExtension" */;
			buildPhases = (
				A2957A4B2693A52F005DF8C3 /* Sources */,
				A2957A4C2693A52F005DF8C3 /* Frameworks */,
				A2957A4D2693A52F005DF8C3 /* Resources */,
			);
			buildRules = (
			);
			dependencies = (
			);
			name = RemindMeWidgetExtension;
			productName = KiwiWidgetExtension;
			productReference = A2957A4F2693A52F005DF8C3 /* RemindMeWidgetExtension.appex */;
			productType = "com.apple.product-type.app-extension";
		};
		A2B36592268C4BBF00284561 /* RemindMe */ = {
			isa = PBXNativeTarget;
			buildConfigurationList = A2B365A7268C4BC100284561 /* Build configuration list for PBXNativeTarget "RemindMe" */;
			buildPhases = (
				A2B3658F268C4BBF00284561 /* Sources */,
				A2B36590268C4BBF00284561 /* Frameworks */,
				A2B36591268C4BBF00284561 /* Resources */,
				A2957A642693A533005DF8C3 /* Embed App Extensions */,
			);
			buildRules = (
			);
			dependencies = (
				A2957A5F2693A533005DF8C3 /* PBXTargetDependency */,
			);
			name = RemindMe;
			productName = Kiwi;
			productReference = A2B36593268C4BBF00284561 /* RemindMe.app */;
			productType = "com.apple.product-type.application";
		};
/* End PBXNativeTarget section */

/* Begin PBXProject section */
		A2B3658B268C4BBF00284561 /* Project object */ = {
			isa = PBXProject;
			attributes = {
				LastSwiftUpdateCheck = 1250;
				LastUpgradeCheck = 1250;
				TargetAttributes = {
					A2957A4E2693A52F005DF8C3 = {
						CreatedOnToolsVersion = 12.5;
					};
					A2B36592268C4BBF00284561 = {
						CreatedOnToolsVersion = 12.5;
					};
				};
			};
			buildConfigurationList = A2B3658E268C4BBF00284561 /* Build configuration list for PBXProject "RemindMe" */;
			compatibilityVersion = "Xcode 9.3";
			developmentRegion = en;
			hasScannedForEncodings = 0;
			knownRegions = (
				en,
				Base,
			);
			mainGroup = A2B3658A268C4BBF00284561;
			productRefGroup = A2B36594268C4BBF00284561 /* Products */;
			projectDirPath = "";
			projectRoot = "";
			targets = (
				A2B36592268C4BBF00284561 /* RemindMe */,
				A2957A4E2693A52F005DF8C3 /* RemindMeWidgetExtension */,
			);
		};
/* End PBXProject section */

/* Begin PBXResourcesBuildPhase section */
		A2957A4D2693A52F005DF8C3 /* Resources */ = {
			isa = PBXResourcesBuildPhase;
			buildActionMask = 2147483647;
			files = (
				A2957A6A26943FEB005DF8C3 /* Assets.xcassets in Resources */,
				A2957A5A2693A532005DF8C3 /* Assets.xcassets in Resources */,
			);
			runOnlyForDeploymentPostprocessing = 0;
		};
		A2B36591268C4BBF00284561 /* Resources */ = {
			isa = PBXResourcesBuildPhase;
			buildActionMask = 2147483647;
			files = (
				A2B3659E268C4BC100284561 /* Preview Assets.xcassets in Resources */,
				A2B3659B268C4BC100284561 /* Assets.xcassets in Resources */,
			);
			runOnlyForDeploymentPostprocessing = 0;
		};
/* End PBXResourcesBuildPhase section */

/* Begin PBXSourcesBuildPhase section */
		A2957A4B2693A52F005DF8C3 /* Sources */ = {
			isa = PBXSourcesBuildPhase;
			buildActionMask = 2147483647;
			files = (
				A2957A6726943F5C005DF8C3 /* Note.swift in Sources */,
				A2A15B1E270CA436002FB8D3 /* Colors.swift in Sources */,
				A2957A6E26944014005DF8C3 /* SettingsView.swift in Sources */,
				A2957A702694401E005DF8C3 /* Config.swift in Sources */,
				A2957A5C2693A533005DF8C3 /* RemindMeWidget.intentdefinition in Sources */,
				A2957A572693A52F005DF8C3 /* RemindMeWidget.swift in Sources */,
				A2957A6926943FD9005DF8C3 /* WidgetView.swift in Sources */,
				A2957A6B26943FF1005DF8C3 /* RemindMe.xcdatamodeld in Sources */,
				A2957A6F2694401A005DF8C3 /* Persistence.swift in Sources */,
			);
			runOnlyForDeploymentPostprocessing = 0;
		};
		A2B3658F268C4BBF00284561 /* Sources */ = {
			isa = PBXSourcesBuildPhase;
			buildActionMask = 2147483647;
			files = (
				A2957A48268EF739005DF8C3 /* SettingsView.swift in Sources */,
				A2A15B1D270CA2DA002FB8D3 /* Colors.swift in Sources */,
				A2B365A0268C4BC100284561 /* Persistence.swift in Sources */,
				A2957A4A2692ECB9005DF8C3 /* Config.swift in Sources */,
				A2B365A3268C4BC100284561 /* RemindMe.xcdatamodeld in Sources */,
				A2957A66269436DF005DF8C3 /* WidgetView.swift in Sources */,
				A2957A46268EF638005DF8C3 /* NotesView.swift in Sources */,
				A2C87107274A8F1B000027A5 /* NoteView.swift in Sources */,
				A2B36599268C4BBF00284561 /* ContentView.swift in Sources */,
				A2957A44268EF2C7005DF8C3 /* Note.swift in Sources */,
				A2957A5D2693A533005DF8C3 /* RemindMeWidget.intentdefinition in Sources */,
				A2B36597268C4BBF00284561 /* RemindMeApp.swift in Sources */,
			);
			runOnlyForDeploymentPostprocessing = 0;
		};
/* End PBXSourcesBuildPhase section */

/* Begin PBXTargetDependency section */
		A2957A5F2693A533005DF8C3 /* PBXTargetDependency */ = {
			isa = PBXTargetDependency;
			target = A2957A4E2693A52F005DF8C3 /* RemindMeWidgetExtension */;
			targetProxy = A2957A5E2693A533005DF8C3 /* PBXContainerItemProxy */;
		};
/* End PBXTargetDependency section */

/* Begin XCBuildConfiguration section */
		A2957A622693A533005DF8C3 /* Debug */ = {
			isa = XCBuildConfiguration;
			buildSettings = {
				ASSETCATALOG_COMPILER_GLOBAL_ACCENT_COLOR_NAME = AccentColor;
				ASSETCATALOG_COMPILER_WIDGET_BACKGROUND_COLOR_NAME = WidgetBackground;
				CODE_SIGN_ENTITLEMENTS = RemindMeWidgetExtension.entitlements;
				CODE_SIGN_STYLE = Automatic;
				DEVELOPMENT_TEAM = V6DK8MURYX;
				INFOPLIST_FILE = RemindMeWidget/Info.plist;
				LD_RUNPATH_SEARCH_PATHS = (
					"$(inherited)",
					"@executable_path/Frameworks",
					"@executable_path/../../Frameworks",
				);
				PRODUCT_BUNDLE_IDENTIFIER = charelfelten.RemindMe.RemindMeWidget;
				PRODUCT_NAME = "$(TARGET_NAME)";
				SKIP_INSTALL = YES;
				SWIFT_VERSION = 5.0;
				TARGETED_DEVICE_FAMILY = "1,2";
			};
			name = Debug;
		};
		A2957A632693A533005DF8C3 /* Release */ = {
			isa = XCBuildConfiguration;
			buildSettings = {
				ASSETCATALOG_COMPILER_GLOBAL_ACCENT_COLOR_NAME = AccentColor;
				ASSETCATALOG_COMPILER_WIDGET_BACKGROUND_COLOR_NAME = WidgetBackground;
				CODE_SIGN_ENTITLEMENTS = RemindMeWidgetExtension.entitlements;
				CODE_SIGN_STYLE = Automatic;
				DEVELOPMENT_TEAM = V6DK8MURYX;
				INFOPLIST_FILE = RemindMeWidget/Info.plist;
				LD_RUNPATH_SEARCH_PATHS = (
					"$(inherited)",
					"@executable_path/Frameworks",
					"@executable_path/../../Frameworks",
				);
				PRODUCT_BUNDLE_IDENTIFIER = charelfelten.RemindMe.RemindMeWidget;
				PRODUCT_NAME = "$(TARGET_NAME)";
				SKIP_INSTALL = YES;
				SWIFT_VERSION = 5.0;
				TARGETED_DEVICE_FAMILY = "1,2";
			};
			name = Release;
		};
		A2B365A5268C4BC100284561 /* Debug */ = {
			isa = XCBuildConfiguration;
			buildSettings = {
				ALWAYS_SEARCH_USER_PATHS = NO;
				CLANG_ANALYZER_NONNULL = YES;
				CLANG_ANALYZER_NUMBER_OBJECT_CONVERSION = YES_AGGRESSIVE;
				CLANG_CXX_LANGUAGE_STANDARD = "gnu++14";
				CLANG_CXX_LIBRARY = "libc++";
				CLANG_ENABLE_MODULES = YES;
				CLANG_ENABLE_OBJC_ARC = YES;
				CLANG_ENABLE_OBJC_WEAK = YES;
				CLANG_WARN_BLOCK_CAPTURE_AUTORELEASING = YES;
				CLANG_WARN_BOOL_CONVERSION = YES;
				CLANG_WARN_COMMA = YES;
				CLANG_WARN_CONSTANT_CONVERSION = YES;
				CLANG_WARN_DEPRECATED_OBJC_IMPLEMENTATIONS = YES;
				CLANG_WARN_DIRECT_OBJC_ISA_USAGE = YES_ERROR;
				CLANG_WARN_DOCUMENTATION_COMMENTS = YES;
				CLANG_WARN_EMPTY_BODY = YES;
				CLANG_WARN_ENUM_CONVERSION = YES;
				CLANG_WARN_INFINITE_RECURSION = YES;
				CLANG_WARN_INT_CONVERSION = YES;
				CLANG_WARN_NON_LITERAL_NULL_CONVERSION = YES;
				CLANG_WARN_OBJC_IMPLICIT_RETAIN_SELF = YES;
				CLANG_WARN_OBJC_LITERAL_CONVERSION = YES;
				CLANG_WARN_OBJC_ROOT_CLASS = YES_ERROR;
				CLANG_WARN_QUOTED_INCLUDE_IN_FRAMEWORK_HEADER = YES;
				CLANG_WARN_RANGE_LOOP_ANALYSIS = YES;
				CLANG_WARN_STRICT_PROTOTYPES = YES;
				CLANG_WARN_SUSPICIOUS_MOVE = YES;
				CLANG_WARN_UNGUARDED_AVAILABILITY = YES_AGGRESSIVE;
				CLANG_WARN_UNREACHABLE_CODE = YES;
				CLANG_WARN__DUPLICATE_METHOD_MATCH = YES;
				COPY_PHASE_STRIP = NO;
				DEBUG_INFORMATION_FORMAT = dwarf;
				ENABLE_STRICT_OBJC_MSGSEND = YES;
				ENABLE_TESTABILITY = YES;
				GCC_C_LANGUAGE_STANDARD = gnu11;
				GCC_DYNAMIC_NO_PIC = NO;
				GCC_NO_COMMON_BLOCKS = YES;
				GCC_OPTIMIZATION_LEVEL = 0;
				GCC_PREPROCESSOR_DEFINITIONS = (
					"DEBUG=1",
					"$(inherited)",
				);
				GCC_WARN_64_TO_32_BIT_CONVERSION = YES;
				GCC_WARN_ABOUT_RETURN_TYPE = YES_ERROR;
				GCC_WARN_UNDECLARED_SELECTOR = YES;
				GCC_WARN_UNINITIALIZED_AUTOS = YES_AGGRESSIVE;
				GCC_WARN_UNUSED_FUNCTION = YES;
				GCC_WARN_UNUSED_VARIABLE = YES;
				IPHONEOS_DEPLOYMENT_TARGET = 14.5;
				MTL_ENABLE_DEBUG_INFO = INCLUDE_SOURCE;
				MTL_FAST_MATH = YES;
				ONLY_ACTIVE_ARCH = YES;
				SDKROOT = iphoneos;
				SWIFT_ACTIVE_COMPILATION_CONDITIONS = DEBUG;
				SWIFT_OPTIMIZATION_LEVEL = "-Onone";
			};
			name = Debug;
		};
		A2B365A6268C4BC100284561 /* Release */ = {
			isa = XCBuildConfiguration;
			buildSettings = {
				ALWAYS_SEARCH_USER_PATHS = NO;
				CLANG_ANALYZER_NONNULL = YES;
				CLANG_ANALYZER_NUMBER_OBJECT_CONVERSION = YES_AGGRESSIVE;
				CLANG_CXX_LANGUAGE_STANDARD = "gnu++14";
				CLANG_CXX_LIBRARY = "libc++";
				CLANG_ENABLE_MODULES = YES;
				CLANG_ENABLE_OBJC_ARC = YES;
				CLANG_ENABLE_OBJC_WEAK = YES;
				CLANG_WARN_BLOCK_CAPTURE_AUTORELEASING = YES;
				CLANG_WARN_BOOL_CONVERSION = YES;
				CLANG_WARN_COMMA = YES;
				CLANG_WARN_CONSTANT_CONVERSION = YES;
				CLANG_WARN_DEPRECATED_OBJC_IMPLEMENTATIONS = YES;
				CLANG_WARN_DIRECT_OBJC_ISA_USAGE = YES_ERROR;
				CLANG_WARN_DOCUMENTATION_COMMENTS = YES;
				CLANG_WARN_EMPTY_BODY = YES;
				CLANG_WARN_ENUM_CONVERSION = YES;
				CLANG_WARN_INFINITE_RECURSION = YES;
				CLANG_WARN_INT_CONVERSION = YES;
				CLANG_WARN_NON_LITERAL_NULL_CONVERSION = YES;
				CLANG_WARN_OBJC_IMPLICIT_RETAIN_SELF = YES;
				CLANG_WARN_OBJC_LITERAL_CONVERSION = YES;
				CLANG_WARN_OBJC_ROOT_CLASS = YES_ERROR;
				CLANG_WARN_QUOTED_INCLUDE_IN_FRAMEWORK_HEADER = YES;
				CLANG_WARN_RANGE_LOOP_ANALYSIS = YES;
				CLANG_WARN_STRICT_PROTOTYPES = YES;
				CLANG_WARN_SUSPICIOUS_MOVE = YES;
				CLANG_WARN_UNGUARDED_AVAILABILITY = YES_AGGRESSIVE;
				CLANG_WARN_UNREACHABLE_CODE = YES;
				CLANG_WARN__DUPLICATE_METHOD_MATCH = YES;
				COPY_PHASE_STRIP = NO;
				DEBUG_INFORMATION_FORMAT = "dwarf-with-dsym";
				ENABLE_NS_ASSERTIONS = NO;
				ENABLE_STRICT_OBJC_MSGSEND = YES;
				GCC_C_LANGUAGE_STANDARD = gnu11;
				GCC_NO_COMMON_BLOCKS = YES;
				GCC_WARN_64_TO_32_BIT_CONVERSION = YES;
				GCC_WARN_ABOUT_RETURN_TYPE = YES_ERROR;
				GCC_WARN_UNDECLARED_SELECTOR = YES;
				GCC_WARN_UNINITIALIZED_AUTOS = YES_AGGRESSIVE;
				GCC_WARN_UNUSED_FUNCTION = YES;
				GCC_WARN_UNUSED_VARIABLE = YES;
				IPHONEOS_DEPLOYMENT_TARGET = 14.5;
				MTL_ENABLE_DEBUG_INFO = NO;
				MTL_FAST_MATH = YES;
				SDKROOT = iphoneos;
				SWIFT_COMPILATION_MODE = wholemodule;
				SWIFT_OPTIMIZATION_LEVEL = "-O";
				VALIDATE_PRODUCT = YES;
			};
			name = Release;
		};
		A2B365A8268C4BC100284561 /* Debug */ = {
			isa = XCBuildConfiguration;
			buildSettings = {
				ALWAYS_EMBED_SWIFT_STANDARD_LIBRARIES = YES;
				ASSETCATALOG_COMPILER_APPICON_NAME = AppIcon;
				ASSETCATALOG_COMPILER_GLOBAL_ACCENT_COLOR_NAME = AccentColor;
				CODE_SIGN_ENTITLEMENTS = RemindMe/RemindMe.entitlements;
				CODE_SIGN_STYLE = Automatic;
				DEVELOPMENT_ASSET_PATHS = "\"RemindMe/Preview Content\"";
				DEVELOPMENT_TEAM = V6DK8MURYX;
				ENABLE_PREVIEWS = YES;
				INFOPLIST_FILE = RemindMe/Info.plist;
				IPHONEOS_DEPLOYMENT_TARGET = 15.0;
				LD_RUNPATH_SEARCH_PATHS = (
					"$(inherited)",
					"@executable_path/Frameworks",
				);
				PRODUCT_BUNDLE_IDENTIFIER = charelfelten.RemindMe;
				PRODUCT_NAME = "$(TARGET_NAME)";
				SWIFT_VERSION = 5.0;
				TARGETED_DEVICE_FAMILY = "1,2";
			};
			name = Debug;
		};
		A2B365A9268C4BC100284561 /* Release */ = {
			isa = XCBuildConfiguration;
			buildSettings = {
				ALWAYS_EMBED_SWIFT_STANDARD_LIBRARIES = YES;
				ASSETCATALOG_COMPILER_APPICON_NAME = AppIcon;
				ASSETCATALOG_COMPILER_GLOBAL_ACCENT_COLOR_NAME = AccentColor;
				CODE_SIGN_ENTITLEMENTS = RemindMe/RemindMe.entitlements;
				CODE_SIGN_STYLE = Automatic;
				DEVELOPMENT_ASSET_PATHS = "\"RemindMe/Preview Content\"";
				DEVELOPMENT_TEAM = V6DK8MURYX;
				ENABLE_PREVIEWS = YES;
				INFOPLIST_FILE = RemindMe/Info.plist;
				IPHONEOS_DEPLOYMENT_TARGET = 15.0;
				LD_RUNPATH_SEARCH_PATHS = (
					"$(inherited)",
					"@executable_path/Frameworks",
				);
				PRODUCT_BUNDLE_IDENTIFIER = charelfelten.RemindMe;
				PRODUCT_NAME = "$(TARGET_NAME)";
				SWIFT_VERSION = 5.0;
				TARGETED_DEVICE_FAMILY = "1,2";
			};
			name = Release;
		};
/* End XCBuildConfiguration section */

/* Begin XCConfigurationList section */
		A2957A612693A533005DF8C3 /* Build configuration list for PBXNativeTarget "RemindMeWidgetExtension" */ = {
			isa = XCConfigurationList;
			buildConfigurations = (
				A2957A622693A533005DF8C3 /* Debug */,
				A2957A632693A533005DF8C3 /* Release */,
			);
			defaultConfigurationIsVisible = 0;
			defaultConfigurationName = Release;
		};
		A2B3658E268C4BBF00284561 /* Build configuration list for PBXProject "RemindMe" */ = {
			isa = XCConfigurationList;
			buildConfigurations = (
				A2B365A5268C4BC100284561 /* Debug */,
				A2B365A6268C4BC100284561 /* Release */,
			);
			defaultConfigurationIsVisible = 0;
			defaultConfigurationName = Release;
		};
		A2B365A7268C4BC100284561 /* Build configuration list for PBXNativeTarget "RemindMe" */ = {
			isa = XCConfigurationList;
			buildConfigurations = (
				A2B365A8268C4BC100284561 /* Debug */,
				A2B365A9268C4BC100284561 /* Release */,
			);
			defaultConfigurationIsVisible = 0;
			defaultConfigurationName = Release;
		};
/* End XCConfigurationList section */

/* Begin XCVersionGroup section */
		A2B365A1268C4BC100284561 /* RemindMe.xcdatamodeld */ = {
			isa = XCVersionGroup;
			children = (
				A2B365A2268C4BC100284561 /* Kiwi.xcdatamodel */,
			);
			currentVersion = A2B365A2268C4BC100284561 /* Kiwi.xcdatamodel */;
			path = RemindMe.xcdatamodeld;
			sourceTree = "<group>";
			versionGroupType = wrapper.xcdatamodel;
		};
/* End XCVersionGroup section */
	};
	rootObject = A2B3658B268C4BBF00284561 /* Project object */;
}
